
Microsoft Visual Studio Solution File, Format Version 12.00
# Visual Studio Version 16
VisualStudioVersion = 16.0.31729.503
MinimumVisualStudioVersion = 10.0.40219.1
Project("{FAE04EC0-301F-11D3-BF4B-00C04F79EFBC}") = "Dinco", "Dinco\Dinco.csproj", "{6A13BDFD-C0F8-4194-9F1F-5B01EDEEB7E1}"
EndProject
Global
	GlobalSection(SolutionConfigurationPlatforms) = preSolution
		Debug|Any CPU = Debug|Any CPU
		Release|Any CPU = Release|Any CPU
	EndGlobalSection
	GlobalSection(ProjectConfigurationPlatforms) = postSolution
		{6A13BDFD-C0F8-4194-9F1F-5B01EDEEB7E1}.Debug|Any CPU.ActiveCfg = Debug|Any CPU
		{6A13BDFD-C0F8-4194-9F1F-5B01EDEEB7E1}.Debug|Any CPU.Build.0 = Debug|Any CPU
		{6A13BDFD-C0F8-4194-9F1F-5B01EDEEB7E1}.Release|Any CPU.ActiveCfg = Release|Any CPU
		{6A13BDFD-C0F8-4194-9F1F-5B01EDEEB7E1}.Release|Any CPU.Build.0 = Release|Any CPU
	EndGlobalSection
	GlobalSection(SolutionProperties) = preSolution
		HideSolutionNode = FALSE
	EndGlobalSection
	GlobalSection(ExtensibilityGlobals) = postSolution
		SolutionGuid = {F07C44F1-380A-48C9-BDB0-0B542D0E34A2}
	EndGlobalSection
EndGlobal
